// !$*UTF8*$!
{
	archiveVersion = 1;
	classes = {
	};
	objectVersion = 50;
	objects = {

/* Begin PBXBuildFile section */
		182EEEBC25E764C1008ADF05 /* AppDelegate.swift in Sources */ = {isa = PBXBuildFile; fileRef = 182EEEBB25E764C1008ADF05 /* AppDelegate.swift */; };
		182EEEBE25E764C1008ADF05 /* SceneDelegate.swift in Sources */ = {isa = PBXBuildFile; fileRef = 182EEEBD25E764C1008ADF05 /* SceneDelegate.swift */; };
		182EEEC025E764C2008ADF05 /* ViewController.swift in Sources */ = {isa = PBXBuildFile; fileRef = 182EEEBF25E764C2008ADF05 /* ViewController.swift */; };
		182EEEC325E764C2008ADF05 /* Main.storyboard in Resources */ = {isa = PBXBuildFile; fileRef = 182EEEC125E764C2008ADF05 /* Main.storyboard */; };
		182EEEC525E764C9008ADF05 /* Assets.xcassets in Resources */ = {isa = PBXBuildFile; fileRef = 182EEEC425E764C9008ADF05 /* Assets.xcassets */; };
		182EEEC825E764C9008ADF05 /* LaunchScreen.storyboard in Resources */ = {isa = PBXBuildFile; fileRef = 182EEEC625E764C9008ADF05 /* LaunchScreen.storyboard */; };
		182EEED325E764C9008ADF05 /* MenuListTests.swift in Sources */ = {isa = PBXBuildFile; fileRef = 182EEED225E764C9008ADF05 /* MenuListTests.swift */; };
		182EEEDE25E76694008ADF05 /* menu.json in Resources */ = {isa = PBXBuildFile; fileRef = 182EEEDD25E76693008ADF05 /* menu.json */; };
		182EEEE025E76A6B008ADF05 /* MenuCategory.swift in Sources */ = {isa = PBXBuildFile; fileRef = 182EEEDF25E76A6B008ADF05 /* MenuCategory.swift */; };
		182EEEE225E76BD5008ADF05 /* Function.swift in Sources */ = {isa = PBXBuildFile; fileRef = 182EEEE125E76BD5008ADF05 /* Function.swift */; };
		182EEEE425E79817008ADF05 /* MenuCell.swift in Sources */ = {isa = PBXBuildFile; fileRef = 182EEEE325E79817008ADF05 /* MenuCell.swift */; };
		187B531825E8CB64006EABF6 /* Extensions.swift in Sources */ = {isa = PBXBuildFile; fileRef = 187B531725E8CB64006EABF6 /* Extensions.swift */; };
/* End PBXBuildFile section */

/* Begin PBXContainerItemProxy section */
		182EEECF25E764C9008ADF05 /* PBXContainerItemProxy */ = {
			isa = PBXContainerItemProxy;
			containerPortal = 182EEEB025E764C1008ADF05 /* Project object */;
			proxyType = 1;
			remoteGlobalIDString = 182EEEB725E764C1008ADF05;
			remoteInfo = MenuList;
		};
/* End PBXContainerItemProxy section */

/* Begin PBXFileReference section */
		182EEEB825E764C1008ADF05 /* MenuList.app */ = {isa = PBXFileReference; explicitFileType = wrapper.application; includeInIndex = 0; path = MenuList.app; sourceTree = BUILT_PRODUCTS_DIR; };
		182EEEBB25E764C1008ADF05 /* AppDelegate.swift */ = {isa = PBXFileReference; lastKnownFileType = sourcecode.swift; path = AppDelegate.swift; sourceTree = "<group>"; };
		182EEEBD25E764C1008ADF05 /* SceneDelegate.swift */ = {isa = PBXFileReference; lastKnownFileType = sourcecode.swift; path = SceneDelegate.swift; sourceTree = "<group>"; };
		182EEEBF25E764C2008ADF05 /* ViewController.swift */ = {isa = PBXFileReference; lastKnownFileType = sourcecode.swift; path = ViewController.swift; sourceTree = "<group>"; };
		182EEEC225E764C2008ADF05 /* Base */ = {isa = PBXFileReference; lastKnownFileType = file.storyboard; name = Base; path = Base.lproj/Main.storyboard; sourceTree = "<group>"; };
		182EEEC425E764C9008ADF05 /* Assets.xcassets */ = {isa = PBXFileReference; lastKnownFileType = folder.assetcatalog; path = Assets.xcassets; sourceTree = "<group>"; };
		182EEEC725E764C9008ADF05 /* Base */ = {isa = PBXFileReference; lastKnownFileType = file.storyboard; name = Base; path = Base.lproj/LaunchScreen.storyboard; sourceTree = "<group>"; };
		182EEEC925E764C9008ADF05 /* Info.plist */ = {isa = PBXFileReference; lastKnownFileType = text.plist.xml; path = Info.plist; sourceTree = "<group>"; };
		182EEECE25E764C9008ADF05 /* MenuListTests.xctest */ = {isa = PBXFileReference; explicitFileType = wrapper.cfbundle; includeInIndex = 0; path = MenuListTests.xctest; sourceTree = BUILT_PRODUCTS_DIR; };
		182EEED225E764C9008ADF05 /* MenuListTests.swift */ = {isa = PBXFileReference; lastKnownFileType = sourcecode.swift; path = MenuListTests.swift; sourceTree = "<group>"; };
		182EEED425E764C9008ADF05 /* Info.plist */ = {isa = PBXFileReference; lastKnownFileType = text.plist.xml; path = Info.plist; sourceTree = "<group>"; };
		182EEEDD25E76693008ADF05 /* menu.json */ = {isa = PBXFileReference; fileEncoding = 4; lastKnownFileType = text.json; path = menu.json; sourceTree = "<group>"; };
		182EEEDF25E76A6B008ADF05 /* MenuCategory.swift */ = {isa = PBXFileReference; lastKnownFileType = sourcecode.swift; path = MenuCategory.swift; sourceTree = "<group>"; };
		182EEEE125E76BD5008ADF05 /* Function.swift */ = {isa = PBXFileReference; lastKnownFileType = sourcecode.swift; path = Function.swift; sourceTree = "<group>"; };
		182EEEE325E79817008ADF05 /* MenuCell.swift */ = {isa = PBXFileReference; lastKnownFileType = sourcecode.swift; path = MenuCell.swift; sourceTree = "<group>"; };
		187B531725E8CB64006EABF6 /* Extensions.swift */ = {isa = PBXFileReference; lastKnownFileType = sourcecode.swift; path = Extensions.swift; sourceTree = "<group>"; };
/* End PBXFileReference section */

/* Begin PBXFrameworksBuildPhase section */
		182EEEB525E764C1008ADF05 /* Frameworks */ = {
			isa = PBXFrameworksBuildPhase;
			buildActionMask = 2147483647;
			files = (
			);
			runOnlyForDeploymentPostprocessing = 0;
		};
		182EEECB25E764C9008ADF05 /* Frameworks */ = {
			isa = PBXFrameworksBuildPhase;
			buildActionMask = 2147483647;
			files = (
			);
			runOnlyForDeploymentPostprocessing = 0;
		};
/* End PBXFrameworksBuildPhase section */

/* Begin PBXGroup section */
		182EEEAF25E764C1008ADF05 = {
			isa = PBXGroup;
			children = (
				182EEEBA25E764C1008ADF05 /* MenuList */,
				182EEED125E764C9008ADF05 /* MenuListTests */,
				182EEEB925E764C1008ADF05 /* Products */,
			);
			sourceTree = "<group>";
		};
		182EEEB925E764C1008ADF05 /* Products */ = {
			isa = PBXGroup;
			children = (
				182EEEB825E764C1008ADF05 /* MenuList.app */,
				182EEECE25E764C9008ADF05 /* MenuListTests.xctest */,
			);
			name = Products;
			sourceTree = "<group>";
		};
		182EEEBA25E764C1008ADF05 /* MenuList */ = {
			isa = PBXGroup;
			children = (
				182EEEBB25E764C1008ADF05 /* AppDelegate.swift */,
				182EEEBD25E764C1008ADF05 /* SceneDelegate.swift */,
				187B531325E8CAAB006EABF6 /* Controller */,
				187B531425E8CAC4006EABF6 /* Model */,
				187B531525E8CAD6006EABF6 /* View */,
				187B531625E8CB14006EABF6 /* Common Function */,
				187B531925E8CB93006EABF6 /* Extensions */,
				187B531A25E8CBC0006EABF6 /* Menu Data */,
				182EEEC125E764C2008ADF05 /* Main.storyboard */,
				182EEEC425E764C9008ADF05 /* Assets.xcassets */,
				182EEEC625E764C9008ADF05 /* LaunchScreen.storyboard */,
				182EEEC925E764C9008ADF05 /* Info.plist */,
			);
			path = MenuList;
			sourceTree = "<group>";
		};
		182EEED125E764C9008ADF05 /* MenuListTests */ = {
			isa = PBXGroup;
			children = (
				182EEED225E764C9008ADF05 /* MenuListTests.swift */,
				182EEED425E764C9008ADF05 /* Info.plist */,
			);
			path = MenuListTests;
			sourceTree = "<group>";
		};
		187B531325E8CAAB006EABF6 /* Controller */ = {
			isa = PBXGroup;
			children = (
				182EEEBF25E764C2008ADF05 /* ViewController.swift */,
			);
			path = Controller;
			sourceTree = "<group>";
		};
		187B531425E8CAC4006EABF6 /* Model */ = {
			isa = PBXGroup;
			children = (
				182EEEDF25E76A6B008ADF05 /* MenuCategory.swift */,
			);
			path = Model;
			sourceTree = "<group>";
		};
		187B531525E8CAD6006EABF6 /* View */ = {
			isa = PBXGroup;
			children = (
				182EEEE325E79817008ADF05 /* MenuCell.swift */,
			);
			path = View;
			sourceTree = "<group>";
		};
		187B531625E8CB14006EABF6 /* Common Function */ = {
			isa = PBXGroup;
			children = (
				182EEEE125E76BD5008ADF05 /* Function.swift */,
			);
			path = "Common Function";
			sourceTree = "<group>";
		};
		187B531925E8CB93006EABF6 /* Extensions */ = {
			isa = PBXGroup;
			children = (
				187B531725E8CB64006EABF6 /* Extensions.swift */,
			);
			path = Extensions;
			sourceTree = "<group>";
		};
		187B531A25E8CBC0006EABF6 /* Menu Data */ = {
			isa = PBXGroup;
			children = (
				182EEEDD25E76693008ADF05 /* menu.json */,
			);
			path = "Menu Data";
			sourceTree = "<group>";
		};
/* End PBXGroup section */

/* Begin PBXNativeTarget section */
		182EEEB725E764C1008ADF05 /* MenuList */ = {
			isa = PBXNativeTarget;
			buildConfigurationList = 182EEED725E764C9008ADF05 /* Build configuration list for PBXNativeTarget "MenuList" */;
			buildPhases = (
				182EEEB425E764C1008ADF05 /* Sources */,
				182EEEB525E764C1008ADF05 /* Frameworks */,
				182EEEB625E764C1008ADF05 /* Resources */,
			);
			buildRules = (
			);
			dependencies = (
			);
			name = MenuList;
			productName = MenuList;
			productReference = 182EEEB825E764C1008ADF05 /* MenuList.app */;
			productType = "com.apple.product-type.application";
		};
		182EEECD25E764C9008ADF05 /* MenuListTests */ = {
			isa = PBXNativeTarget;
			buildConfigurationList = 182EEEDA25E764C9008ADF05 /* Build configuration list for PBXNativeTarget "MenuListTests" */;
			buildPhases = (
				182EEECA25E764C9008ADF05 /* Sources */,
				182EEECB25E764C9008ADF05 /* Frameworks */,
				182EEECC25E764C9008ADF05 /* Resources */,
			);
			buildRules = (
			);
			dependencies = (
				182EEED025E764C9008ADF05 /* PBXTargetDependency */,
			);
			name = MenuListTests;
			productName = MenuListTests;
			productReference = 182EEECE25E764C9008ADF05 /* MenuListTests.xctest */;
			productType = "com.apple.product-type.bundle.unit-test";
		};
/* End PBXNativeTarget section */

/* Begin PBXProject section */
		182EEEB025E764C1008ADF05 /* Project object */ = {
			isa = PBXProject;
			attributes = {
				LastSwiftUpdateCheck = 1150;
				LastUpgradeCheck = 1150;
				ORGANIZATIONNAME = APPLE;
				TargetAttributes = {
					182EEEB725E764C1008ADF05 = {
						CreatedOnToolsVersion = 11.5;
					};
					182EEECD25E764C9008ADF05 = {
						CreatedOnToolsVersion = 11.5;
						TestTargetID = 182EEEB725E764C1008ADF05;
					};
				};
			};
			buildConfigurationList = 182EEEB325E764C1008ADF05 /* Build configuration list for PBXProject "MenuList" */;
			compatibilityVersion = "Xcode 9.3";
			developmentRegion = en;
			hasScannedForEncodings = 0;
			knownRegions = (
				en,
				Base,
			);
			mainGroup = 182EEEAF25E764C1008ADF05;
			productRefGroup = 182EEEB925E764C1008ADF05 /* Products */;
			projectDirPath = "";
			projectRoot = "";
			targets = (
				182EEEB725E764C1008ADF05 /* MenuList */,
				182EEECD25E764C9008ADF05 /* MenuListTests */,
			);
		};
/* End PBXProject section */

/* Begin PBXResourcesBuildPhase section */
		182EEEB625E764C1008ADF05 /* Resources */ = {
			isa = PBXResourcesBuildPhase;
			buildActionMask = 2147483647;
			files = (
				182EEEC825E764C9008ADF05 /* LaunchScreen.storyboard in Resources */,
				182EEEC525E764C9008ADF05 /* Assets.xcassets in Resources */,
				182EEEDE25E76694008ADF05 /* menu.json in Resources */,
				182EEEC325E764C2008ADF05 /* Main.storyboard in Resources */,
			);
			runOnlyForDeploymentPostprocessing = 0;
		};
		182EEECC25E764C9008ADF05 /* Resources */ = {
			isa = PBXResourcesBuildPhase;
			buildActionMask = 2147483647;
			files = (
			);
			runOnlyForDeploymentPostprocessing = 0;
		};
/* End PBXResourcesBuildPhase section */

/* Begin PBXSourcesBuildPhase section */
		182EEEB425E764C1008ADF05 /* Sources */ = {
			isa = PBXSourcesBuildPhase;
			buildActionMask = 2147483647;
			files = (
				182EEEE025E76A6B008ADF05 /* MenuCategory.swift in Sources */,
				182EEEC025E764C2008ADF05 /* ViewController.swift in Sources */,
				182EEEE425E79817008ADF05 /* MenuCell.swift in Sources */,
				182EEEBC25E764C1008ADF05 /* AppDelegate.swift in Sources */,
				182EEEBE25E764C1008ADF05 /* SceneDelegate.swift in Sources */,
				182EEEE225E76BD5008ADF05 /* Function.swift in Sources */,
				187B531825E8CB64006EABF6 /* Extensions.swift in Sources */,
			);
			runOnlyForDeploymentPostprocessing = 0;
		};
		182EEECA25E764C9008ADF05 /* Sources */ = {
			isa = PBXSourcesBuildPhase;
			buildActionMask = 2147483647;
			files = (
				182EEED325E764C9008ADF05 /* MenuListTests.swift in Sources */,
			);
			runOnlyForDeploymentPostprocessing = 0;
		};
/* End PBXSourcesBuildPhase section */

/* Begin PBXTargetDependency section */
		182EEED025E764C9008ADF05 /* PBXTargetDependency */ = {
			isa = PBXTargetDependency;
			target = 182EEEB725E764C1008ADF05 /* MenuList */;
			targetProxy = 182EEECF25E764C9008ADF05 /* PBXContainerItemProxy */;
		};
/* End PBXTargetDependency section */

/* Begin PBXVariantGroup section */
		182EEEC125E764C2008ADF05 /* Main.storyboard */ = {
			isa = PBXVariantGroup;
			children = (
				182EEEC225E764C2008ADF05 /* Base */,
			);
			name = Main.storyboard;
			sourceTree = "<group>";
		};
		182EEEC625E764C9008ADF05 /* LaunchScreen.storyboard */ = {
			isa = PBXVariantGroup;
			children = (
				182EEEC725E764C9008ADF05 /* Base */,
			);
			name = LaunchScreen.storyboard;
			sourceTree = "<group>";
		};
/* End PBXVariantGroup section */

/* Begin XCBuildConfiguration section */
		182EEED525E764C9008ADF05 /* Debug */ = {
			isa = XCBuildConfiguration;
			buildSettings = {
				ALWAYS_SEARCH_USER_PATHS = NO;
				CLANG_ANALYZER_NONNULL = YES;
				CLANG_ANALYZER_NUMBER_OBJECT_CONVERSION = YES_AGGRESSIVE;
				CLANG_CXX_LANGUAGE_STANDARD = "gnu++14";
				CLANG_CXX_LIBRARY = "libc++";
				CLANG_ENABLE_MODULES = YES;
				CLANG_ENABLE_OBJC_ARC = YES;
				CLANG_ENABLE_OBJC_WEAK = YES;
				CLANG_WARN_BLOCK_CAPTURE_AUTORELEASING = YES;
				CLANG_WARN_BOOL_CONVERSION = YES;
				CLANG_WARN_COMMA = YES;
				CLANG_WARN_CONSTANT_CONVERSION = YES;
				CLANG_WARN_DEPRECATED_OBJC_IMPLEMENTATIONS = YES;
				CLANG_WARN_DIRECT_OBJC_ISA_USAGE = YES_ERROR;
				CLANG_WARN_DOCUMENTATION_COMMENTS = YES;
				CLANG_WARN_EMPTY_BODY = YES;
				CLANG_WARN_ENUM_CONVERSION = YES;
				CLANG_WARN_INFINITE_RECURSION = YES;
				CLANG_WARN_INT_CONVERSION = YES;
				CLANG_WARN_NON_LITERAL_NULL_CONVERSION = YES;
				CLANG_WARN_OBJC_IMPLICIT_RETAIN_SELF = YES;
				CLANG_WARN_OBJC_LITERAL_CONVERSION = YES;
				CLANG_WARN_OBJC_ROOT_CLASS = YES_ERROR;
				CLANG_WARN_RANGE_LOOP_ANALYSIS = YES;
				CLANG_WARN_STRICT_PROTOTYPES = YES;
				CLANG_WARN_SUSPICIOUS_MOVE = YES;
				CLANG_WARN_UNGUARDED_AVAILABILITY = YES_AGGRESSIVE;
				CLANG_WARN_UNREACHABLE_CODE = YES;
				CLANG_WARN__DUPLICATE_METHOD_MATCH = YES;
				COPY_PHASE_STRIP = NO;
				DEBUG_INFORMATION_FORMAT = dwarf;
				ENABLE_STRICT_OBJC_MSGSEND = YES;
				ENABLE_TESTABILITY = YES;
				GCC_C_LANGUAGE_STANDARD = gnu11;
				GCC_DYNAMIC_NO_PIC = NO;
				GCC_NO_COMMON_BLOCKS = YES;
				GCC_OPTIMIZATION_LEVEL = 0;
				GCC_PREPROCESSOR_DEFINITIONS = (
					"DEBUG=1",
					"$(inherited)",
				);
				GCC_WARN_64_TO_32_BIT_CONVERSION = YES;
				GCC_WARN_ABOUT_RETURN_TYPE = YES_ERROR;
				GCC_WARN_UNDECLARED_SELECTOR = YES;
				GCC_WARN_UNINITIALIZED_AUTOS = YES_AGGRESSIVE;
				GCC_WARN_UNUSED_FUNCTION = YES;
				GCC_WARN_UNUSED_VARIABLE = YES;
				IPHONEOS_DEPLOYMENT_TARGET = 13.5;
				MTL_ENABLE_DEBUG_INFO = INCLUDE_SOURCE;
				MTL_FAST_MATH = YES;
				ONLY_ACTIVE_ARCH = YES;
				SDKROOT = iphoneos;
				SWIFT_ACTIVE_COMPILATION_CONDITIONS = DEBUG;
				SWIFT_OPTIMIZATION_LEVEL = "-Onone";
			};
			name = Debug;
		};
		182EEED625E764C9008ADF05 /* Release */ = {
			isa = XCBuildConfiguration;
			buildSettings = {
				ALWAYS_SEARCH_USER_PATHS = NO;
				CLANG_ANALYZER_NONNULL = YES;
				CLANG_ANALYZER_NUMBER_OBJECT_CONVERSION = YES_AGGRESSIVE;
				CLANG_CXX_LANGUAGE_STANDARD = "gnu++14";
				CLANG_CXX_LIBRARY = "libc++";
				CLANG_ENABLE_MODULES = YES;
				CLANG_ENABLE_OBJC_ARC = YES;
				CLANG_ENABLE_OBJC_WEAK = YES;
				CLANG_WARN_BLOCK_CAPTURE_AUTORELEASING = YES;
				CLANG_WARN_BOOL_CONVERSION = YES;
				CLANG_WARN_COMMA = YES;
				CLANG_WARN_CONSTANT_CONVERSION = YES;
				CLANG_WARN_DEPRECATED_OBJC_IMPLEMENTATIONS = YES;
				CLANG_WARN_DIRECT_OBJC_ISA_USAGE = YES_ERROR;
				CLANG_WARN_DOCUMENTATION_COMMENTS = YES;
				CLANG_WARN_EMPTY_BODY = YES;
				CLANG_WARN_ENUM_CONVERSION = YES;
				CLANG_WARN_INFINITE_RECURSION = YES;
				CLANG_WARN_INT_CONVERSION = YES;
				CLANG_WARN_NON_LITERAL_NULL_CONVERSION = YES;
				CLANG_WARN_OBJC_IMPLICIT_RETAIN_SELF = YES;
				CLANG_WARN_OBJC_LITERAL_CONVERSION = YES;
				CLANG_WARN_OBJC_ROOT_CLASS = YES_ERROR;
				CLANG_WARN_RANGE_LOOP_ANALYSIS = YES;
				CLANG_WARN_STRICT_PROTOTYPES = YES;
				CLANG_WARN_SUSPICIOUS_MOVE = YES;
				CLANG_WARN_UNGUARDED_AVAILABILITY = YES_AGGRESSIVE;
				CLANG_WARN_UNREACHABLE_CODE = YES;
				CLANG_WARN__DUPLICATE_METHOD_MATCH = YES;
				COPY_PHASE_STRIP = NO;
				DEBUG_INFORMATION_FORMAT = "dwarf-with-dsym";
				ENABLE_NS_ASSERTIONS = NO;
				ENABLE_STRICT_OBJC_MSGSEND = YES;
				GCC_C_LANGUAGE_STANDARD = gnu11;
				GCC_NO_COMMON_BLOCKS = YES;
				GCC_WARN_64_TO_32_BIT_CONVERSION = YES;
				GCC_WARN_ABOUT_RETURN_TYPE = YES_ERROR;
				GCC_WARN_UNDECLARED_SELECTOR = YES;
				GCC_WARN_UNINITIALIZED_AUTOS = YES_AGGRESSIVE;
				GCC_WARN_UNUSED_FUNCTION = YES;
				GCC_WARN_UNUSED_VARIABLE = YES;
				IPHONEOS_DEPLOYMENT_TARGET = 13.5;
				MTL_ENABLE_DEBUG_INFO = NO;
				MTL_FAST_MATH = YES;
				SDKROOT = iphoneos;
				SWIFT_COMPILATION_MODE = wholemodule;
				SWIFT_OPTIMIZATION_LEVEL = "-O";
				VALIDATE_PRODUCT = YES;
			};
			name = Release;
		};
		182EEED825E764C9008ADF05 /* Debug */ = {
			isa = XCBuildConfiguration;
			buildSettings = {
				ASSETCATALOG_COMPILER_APPICON_NAME = AppIcon;
				CODE_SIGN_STYLE = Automatic;
				INFOPLIST_FILE = MenuList/Info.plist;
				LD_RUNPATH_SEARCH_PATHS = (
					"$(inherited)",
					"@executable_path/Frameworks",
				);
				PRODUCT_BUNDLE_IDENTIFIER = CPWDSEWA.MenuList;
				PRODUCT_NAME = "$(TARGET_NAME)";
				SWIFT_VERSION = 5.0;
				TARGETED_DEVICE_FAMILY = 1;
			};
			name = Debug;
		};
		182EEED925E764C9008ADF05 /* Release */ = {
			isa = XCBuildConfiguration;
			buildSettings = {
				ASSETCATALOG_COMPILER_APPICON_NAME = AppIcon;
				CODE_SIGN_STYLE = Automatic;
				INFOPLIST_FILE = MenuList/Info.plist;
				LD_RUNPATH_SEARCH_PATHS = (
					"$(inherited)",
					"@executable_path/Frameworks",
				);
				PRODUCT_BUNDLE_IDENTIFIER = CPWDSEWA.MenuList;
				PRODUCT_NAME = "$(TARGET_NAME)";
				SWIFT_VERSION = 5.0;
				TARGETED_DEVICE_FAMILY = 1;
			};
			name = Release;
		};
		182EEEDB25E764C9008ADF05 /* Debug */ = {
			isa = XCBuildConfiguration;
			buildSettings = {
				ALWAYS_EMBED_SWIFT_STANDARD_LIBRARIES = YES;
				BUNDLE_LOADER = "$(TEST_HOST)";
				CODE_SIGN_STYLE = Automatic;
				INFOPLIST_FILE = MenuListTests/Info.plist;
				IPHONEOS_DEPLOYMENT_TARGET = 13.5;
				LD_RUNPATH_SEARCH_PATHS = (
					"$(inherited)",
					"@executable_path/Frameworks",
					"@loader_path/Frameworks",
				);
				PRODUCT_BUNDLE_IDENTIFIER = CPWDSEWA.MenuListTests;
				PRODUCT_NAME = "$(TARGET_NAME)";
				SWIFT_VERSION = 5.0;
				TARGETED_DEVICE_FAMILY = "1,2";
				TEST_HOST = "$(BUILT_PRODUCTS_DIR)/MenuList.app/MenuList";
			};
			name = Debug;
		};
		182EEEDC25E764C9008ADF05 /* Release */ = {
			isa = XCBuildConfiguration;
			buildSettings = {
				ALWAYS_EMBED_SWIFT_STANDARD_LIBRARIES = YES;
				BUNDLE_LOADER = "$(TEST_HOST)";
				CODE_SIGN_STYLE = Automatic;
				INFOPLIST_FILE = MenuListTests/Info.plist;
				IPHONEOS_DEPLOYMENT_TARGET = 13.5;
				LD_RUNPATH_SEARCH_PATHS = (
					"$(inherited)",
					"@executable_path/Frameworks",
					"@loader_path/Frameworks",
				);
				PRODUCT_BUNDLE_IDENTIFIER = CPWDSEWA.MenuListTests;
				PRODUCT_NAME = "$(TARGET_NAME)";
				SWIFT_VERSION = 5.0;
				TARGETED_DEVICE_FAMILY = "1,2";
				TEST_HOST = "$(BUILT_PRODUCTS_DIR)/MenuList.app/MenuList";
			};
			name = Release;
		};
/* End XCBuildConfiguration section */

/* Begin XCConfigurationList section */
		182EEEB325E764C1008ADF05 /* Build configuration list for PBXProject "MenuList" */ = {
			isa = XCConfigurationList;
			buildConfigurations = (
				182EEED525E764C9008ADF05 /* Debug */,
				182EEED625E764C9008ADF05 /* Release */,
			);
			defaultConfigurationIsVisible = 0;
			defaultConfigurationName = Release;
		};
		182EEED725E764C9008ADF05 /* Build configuration list for PBXNativeTarget "MenuList" */ = {
			isa = XCConfigurationList;
			buildConfigurations = (
				182EEED825E764C9008ADF05 /* Debug */,
				182EEED925E764C9008ADF05 /* Release */,
			);
			defaultConfigurationIsVisible = 0;
			defaultConfigurationName = Release;
		};
		182EEEDA25E764C9008ADF05 /* Build configuration list for PBXNativeTarget "MenuListTests" */ = {
			isa = XCConfigurationList;
			buildConfigurations = (
				182EEEDB25E764C9008ADF05 /* Debug */,
				182EEEDC25E764C9008ADF05 /* Release */,
			);
			defaultConfigurationIsVisible = 0;
			defaultConfigurationName = Release;
		};
/* End XCConfigurationList section */
	};
	rootObject = 182EEEB025E764C1008ADF05 /* Project object */;
}
